
Microsoft Visual Studio Solution File, Format Version 12.00
# Visual Studio Version 16
VisualStudioVersion = 16.0.31005.135
MinimumVisualStudioVersion = 10.0.40219.1
Project("{FAE04EC0-301F-11D3-BF4B-00C04F79EFBC}") = "LinqAsync", "LinqAsync.csproj", "{BFD3C19B-0426-4339-BD77-C0581B8F702C}"
EndProject
Global
	GlobalSection(SolutionConfigurationPlatforms) = preSolution
		Debug|Any CPU = Debug|Any CPU
		Release|Any CPU = Release|Any CPU
	EndGlobalSection
	GlobalSection(ProjectConfigurationPlatforms) = postSolution
		{BFD3C19B-0426-4339-BD77-C0581B8F702C}.Debug|Any CPU.ActiveCfg = Debug|Any CPU
		{BFD3C19B-0426-4339-BD77-C0581B8F702C}.Debug|Any CPU.Build.0 = Debug|Any CPU
		{BFD3C19B-0426-4339-BD77-C0581B8F702C}.Release|Any CPU.ActiveCfg = Release|Any CPU
		{BFD3C19B-0426-4339-BD77-C0581B8F702C}.Release|Any CPU.Build.0 = Release|Any CPU
	EndGlobalSection
	GlobalSection(SolutionProperties) = preSolution
		HideSolutionNode = FALSE
	EndGlobalSection
	GlobalSection(ExtensibilityGlobals) = postSolution
		SolutionGuid = {A4D0E5D2-FC6C-4754-8ABE-E959A2ED4E35}
	EndGlobalSection
EndGlobal
